
Microsoft Visual Studio Solution File, Format Version 12.00
# Visual Studio Version 17
VisualStudioVersion = 17.8.34408.163
MinimumVisualStudioVersion = 10.0.40219.1
Project("{FAE04EC0-301F-11D3-BF4B-00C04F79EFBC}") = "test", "test.csproj", "{169E081C-D472-472C-BFB5-0515FEBBF06B}"
EndProject
Global
	GlobalSection(SolutionConfigurationPlatforms) = preSolution
		Debug|Any CPU = Debug|Any CPU
		Release|Any CPU = Release|Any CPU
	EndGlobalSection
	GlobalSection(ProjectConfigurationPlatforms) = postSolution
		{169E081C-D472-472C-BFB5-0515FEBBF06B}.Debug|Any CPU.ActiveCfg = Debug|Any CPU
		{169E081C-D472-472C-BFB5-0515FEBBF06B}.Debug|Any CPU.Build.0 = Debug|Any CPU
		{169E081C-D472-472C-BFB5-0515FEBBF06B}.Release|Any CPU.ActiveCfg = Release|Any CPU
		{169E081C-D472-472C-BFB5-0515FEBBF06B}.Release|Any CPU.Build.0 = Release|Any CPU
	EndGlobalSection
	GlobalSection(SolutionProperties) = preSolution
		HideSolutionNode = FALSE
	EndGlobalSection
	GlobalSection(ExtensibilityGlobals) = postSolution
		SolutionGuid = {CC2F96A5-D9C4-4BA0-A3CC-8B7440D668E0}
	EndGlobalSection
EndGlobal
