
Microsoft Visual Studio Solution File, Format Version 12.00
# Visual Studio Version 17
VisualStudioVersion = 17.8.34408.163
MinimumVisualStudioVersion = 10.0.40219.1
Project("{FAE04EC0-301F-11D3-BF4B-00C04F79EFBC}") = "CS030_LINQ", "CS030_LINQ.csproj", "{50C5E14A-DF7E-4223-A3DA-B11816FD23A2}"
EndProject
Global
	GlobalSection(SolutionConfigurationPlatforms) = preSolution
		Debug|Any CPU = Debug|Any CPU
		Release|Any CPU = Release|Any CPU
	EndGlobalSection
	GlobalSection(ProjectConfigurationPlatforms) = postSolution
		{50C5E14A-DF7E-4223-A3DA-B11816FD23A2}.Debug|Any CPU.ActiveCfg = Debug|Any CPU
		{50C5E14A-DF7E-4223-A3DA-B11816FD23A2}.Debug|Any CPU.Build.0 = Debug|Any CPU
		{50C5E14A-DF7E-4223-A3DA-B11816FD23A2}.Release|Any CPU.ActiveCfg = Release|Any CPU
		{50C5E14A-DF7E-4223-A3DA-B11816FD23A2}.Release|Any CPU.Build.0 = Release|Any CPU
	EndGlobalSection
	GlobalSection(SolutionProperties) = preSolution
		HideSolutionNode = FALSE
	EndGlobalSection
	GlobalSection(ExtensibilityGlobals) = postSolution
		SolutionGuid = {4403B9E7-F483-45EB-B8AB-7362887F7770}
	EndGlobalSection
EndGlobal
