
Microsoft Visual Studio Solution File, Format Version 12.00
# Visual Studio Version 17
VisualStudioVersion = 17.8.34408.163
MinimumVisualStudioVersion = 10.0.40219.1
Project("{FAE04EC0-301F-11D3-BF4B-00C04F79EFBC}") = "CS002", "CS002.csproj", "{50B6493D-D86A-475B-AA5F-91E317C01CA7}"
EndProject
Global
	GlobalSection(SolutionConfigurationPlatforms) = preSolution
		Debug|Any CPU = Debug|Any CPU
		Release|Any CPU = Release|Any CPU
	EndGlobalSection
	GlobalSection(ProjectConfigurationPlatforms) = postSolution
		{50B6493D-D86A-475B-AA5F-91E317C01CA7}.Debug|Any CPU.ActiveCfg = Debug|Any CPU
		{50B6493D-D86A-475B-AA5F-91E317C01CA7}.Debug|Any CPU.Build.0 = Debug|Any CPU
		{50B6493D-D86A-475B-AA5F-91E317C01CA7}.Release|Any CPU.ActiveCfg = Release|Any CPU
		{50B6493D-D86A-475B-AA5F-91E317C01CA7}.Release|Any CPU.Build.0 = Release|Any CPU
	EndGlobalSection
	GlobalSection(SolutionProperties) = preSolution
		HideSolutionNode = FALSE
	EndGlobalSection
	GlobalSection(ExtensibilityGlobals) = postSolution
		SolutionGuid = {A9A623EA-E20F-4153-B3A0-09EB9E22C5EA}
	EndGlobalSection
EndGlobal
