
Microsoft Visual Studio Solution File, Format Version 12.00
# Visual Studio Version 17
VisualStudioVersion = 17.8.34408.163
MinimumVisualStudioVersion = 10.0.40219.1
Project("{FAE04EC0-301F-11D3-BF4B-00C04F79EFBC}") = "CS045_ASP.NET_Core_02", "CS045_ASP.NET_Core_02.csproj", "{9A54DDE0-5903-4374-AD0F-FDD8E83EAD3E}"
EndProject
Global
	GlobalSection(SolutionConfigurationPlatforms) = preSolution
		Debug|Any CPU = Debug|Any CPU
		Release|Any CPU = Release|Any CPU
	EndGlobalSection
	GlobalSection(ProjectConfigurationPlatforms) = postSolution
		{9A54DDE0-5903-4374-AD0F-FDD8E83EAD3E}.Debug|Any CPU.ActiveCfg = Debug|Any CPU
		{9A54DDE0-5903-4374-AD0F-FDD8E83EAD3E}.Debug|Any CPU.Build.0 = Debug|Any CPU
		{9A54DDE0-5903-4374-AD0F-FDD8E83EAD3E}.Release|Any CPU.ActiveCfg = Release|Any CPU
		{9A54DDE0-5903-4374-AD0F-FDD8E83EAD3E}.Release|Any CPU.Build.0 = Release|Any CPU
	EndGlobalSection
	GlobalSection(SolutionProperties) = preSolution
		HideSolutionNode = FALSE
	EndGlobalSection
	GlobalSection(ExtensibilityGlobals) = postSolution
		SolutionGuid = {471FB386-A6B8-4816-BB1E-719CB669BA9A}
	EndGlobalSection
EndGlobal
