
Microsoft Visual Studio Solution File, Format Version 12.00
# Visual Studio Version 17
VisualStudioVersion = 17.8.34408.163
MinimumVisualStudioVersion = 10.0.40219.1
Project("{9A19103F-16F7-4668-BE54-9A1E7A4F7556}") = "CS068_ASPNET_MVC_01", "CS068_ASPNET_MVC_01.csproj", "{828AE300-6EA5-472E-8503-63596D1EFC6E}"
EndProject
Global
	GlobalSection(SolutionConfigurationPlatforms) = preSolution
		Debug|Any CPU = Debug|Any CPU
		Release|Any CPU = Release|Any CPU
	EndGlobalSection
	GlobalSection(ProjectConfigurationPlatforms) = postSolution
		{828AE300-6EA5-472E-8503-63596D1EFC6E}.Debug|Any CPU.ActiveCfg = Debug|Any CPU
		{828AE300-6EA5-472E-8503-63596D1EFC6E}.Debug|Any CPU.Build.0 = Debug|Any CPU
		{828AE300-6EA5-472E-8503-63596D1EFC6E}.Release|Any CPU.ActiveCfg = Release|Any CPU
		{828AE300-6EA5-472E-8503-63596D1EFC6E}.Release|Any CPU.Build.0 = Release|Any CPU
	EndGlobalSection
	GlobalSection(SolutionProperties) = preSolution
		HideSolutionNode = FALSE
	EndGlobalSection
	GlobalSection(ExtensibilityGlobals) = postSolution
		SolutionGuid = {9E94B77E-7F79-429C-9D83-652E60A4D1AB}
	EndGlobalSection
EndGlobal
