
Microsoft Visual Studio Solution File, Format Version 12.00
# Visual Studio Version 17
VisualStudioVersion = 17.8.34408.163
MinimumVisualStudioVersion = 10.0.40219.1
Project("{FAE04EC0-301F-11D3-BF4B-00C04F79EFBC}") = "CS001_HelloWorld", "CS001_HelloWorld.csproj", "{372DF2B9-B772-4AC6-A6C3-75363F7537F4}"
EndProject
Global
	GlobalSection(SolutionConfigurationPlatforms) = preSolution
		Debug|Any CPU = Debug|Any CPU
		Release|Any CPU = Release|Any CPU
	EndGlobalSection
	GlobalSection(ProjectConfigurationPlatforms) = postSolution
		{372DF2B9-B772-4AC6-A6C3-75363F7537F4}.Debug|Any CPU.ActiveCfg = Debug|Any CPU
		{372DF2B9-B772-4AC6-A6C3-75363F7537F4}.Debug|Any CPU.Build.0 = Debug|Any CPU
		{372DF2B9-B772-4AC6-A6C3-75363F7537F4}.Release|Any CPU.ActiveCfg = Release|Any CPU
		{372DF2B9-B772-4AC6-A6C3-75363F7537F4}.Release|Any CPU.Build.0 = Release|Any CPU
	EndGlobalSection
	GlobalSection(SolutionProperties) = preSolution
		HideSolutionNode = FALSE
	EndGlobalSection
	GlobalSection(ExtensibilityGlobals) = postSolution
		SolutionGuid = {AC6E2BA1-BFD6-48DC-B6F6-7DA0731CCF51}
	EndGlobalSection
EndGlobal
