
Microsoft Visual Studio Solution File, Format Version 12.00
# Visual Studio Version 17
VisualStudioVersion = 17.8.34408.163
MinimumVisualStudioVersion = 10.0.40219.1
Project("{FAE04EC0-301F-11D3-BF4B-00C04F79EFBC}") = "CS036_Networking3", "CS036_Networking3.csproj", "{02283FC8-DDAC-4E3E-9FE2-A64C71ABBAE0}"
EndProject
Global
	GlobalSection(SolutionConfigurationPlatforms) = preSolution
		Debug|Any CPU = Debug|Any CPU
		Release|Any CPU = Release|Any CPU
	EndGlobalSection
	GlobalSection(ProjectConfigurationPlatforms) = postSolution
		{02283FC8-DDAC-4E3E-9FE2-A64C71ABBAE0}.Debug|Any CPU.ActiveCfg = Debug|Any CPU
		{02283FC8-DDAC-4E3E-9FE2-A64C71ABBAE0}.Debug|Any CPU.Build.0 = Debug|Any CPU
		{02283FC8-DDAC-4E3E-9FE2-A64C71ABBAE0}.Release|Any CPU.ActiveCfg = Release|Any CPU
		{02283FC8-DDAC-4E3E-9FE2-A64C71ABBAE0}.Release|Any CPU.Build.0 = Release|Any CPU
	EndGlobalSection
	GlobalSection(SolutionProperties) = preSolution
		HideSolutionNode = FALSE
	EndGlobalSection
	GlobalSection(ExtensibilityGlobals) = postSolution
		SolutionGuid = {B65C3897-8FF0-4BDD-9D1C-A82A4DE21078}
	EndGlobalSection
EndGlobal
