
Microsoft Visual Studio Solution File, Format Version 12.00
# Visual Studio Version 17
VisualStudioVersion = 17.8.34408.163
MinimumVisualStudioVersion = 10.0.40219.1
Project("{FAE04EC0-301F-11D3-BF4B-00C04F79EFBC}") = "CS033", "CS033.csproj", "{455F8616-2588-4E37-B5F0-E727AC5B0F9B}"
EndProject
Project("{FAE04EC0-301F-11D3-BF4B-00C04F79EFBC}") = "CS033_ASP.NETCore_Dependency", "..\CS033_ASP.NETCore_Dependency\CS033_ASP.NETCore_Dependency.csproj", "{BC70CB34-E96D-4836-BAFA-BDCD6E676C7B}"
EndProject
Global
	GlobalSection(SolutionConfigurationPlatforms) = preSolution
		Debug|Any CPU = Debug|Any CPU
		Release|Any CPU = Release|Any CPU
	EndGlobalSection
	GlobalSection(ProjectConfigurationPlatforms) = postSolution
		{455F8616-2588-4E37-B5F0-E727AC5B0F9B}.Debug|Any CPU.ActiveCfg = Debug|Any CPU
		{455F8616-2588-4E37-B5F0-E727AC5B0F9B}.Debug|Any CPU.Build.0 = Debug|Any CPU
		{455F8616-2588-4E37-B5F0-E727AC5B0F9B}.Release|Any CPU.ActiveCfg = Release|Any CPU
		{455F8616-2588-4E37-B5F0-E727AC5B0F9B}.Release|Any CPU.Build.0 = Release|Any CPU
		{BC70CB34-E96D-4836-BAFA-BDCD6E676C7B}.Debug|Any CPU.ActiveCfg = Debug|Any CPU
		{BC70CB34-E96D-4836-BAFA-BDCD6E676C7B}.Debug|Any CPU.Build.0 = Debug|Any CPU
		{BC70CB34-E96D-4836-BAFA-BDCD6E676C7B}.Release|Any CPU.ActiveCfg = Release|Any CPU
		{BC70CB34-E96D-4836-BAFA-BDCD6E676C7B}.Release|Any CPU.Build.0 = Release|Any CPU
	EndGlobalSection
	GlobalSection(SolutionProperties) = preSolution
		HideSolutionNode = FALSE
	EndGlobalSection
	GlobalSection(ExtensibilityGlobals) = postSolution
		SolutionGuid = {F9553929-E0E0-47F8-8300-93C0553708BB}
	EndGlobalSection
EndGlobal
