
Microsoft Visual Studio Solution File, Format Version 12.00
# Visual Studio Version 17
VisualStudioVersion = 17.8.34408.163
MinimumVisualStudioVersion = 10.0.40219.1
Project("{FAE04EC0-301F-11D3-BF4B-00C04F79EFBC}") = "CS040_EntityFramework", "CS040_EntityFramework.csproj", "{6075A12B-2441-4A3F-99FD-6A7EE1B5C3F5}"
EndProject
Global
	GlobalSection(SolutionConfigurationPlatforms) = preSolution
		Debug|Any CPU = Debug|Any CPU
		Release|Any CPU = Release|Any CPU
	EndGlobalSection
	GlobalSection(ProjectConfigurationPlatforms) = postSolution
		{6075A12B-2441-4A3F-99FD-6A7EE1B5C3F5}.Debug|Any CPU.ActiveCfg = Debug|Any CPU
		{6075A12B-2441-4A3F-99FD-6A7EE1B5C3F5}.Debug|Any CPU.Build.0 = Debug|Any CPU
		{6075A12B-2441-4A3F-99FD-6A7EE1B5C3F5}.Release|Any CPU.ActiveCfg = Release|Any CPU
		{6075A12B-2441-4A3F-99FD-6A7EE1B5C3F5}.Release|Any CPU.Build.0 = Release|Any CPU
	EndGlobalSection
	GlobalSection(SolutionProperties) = preSolution
		HideSolutionNode = FALSE
	EndGlobalSection
	GlobalSection(ExtensibilityGlobals) = postSolution
		SolutionGuid = {DC9DDA48-285B-4403-9EB6-68E5FD300607}
	EndGlobalSection
EndGlobal
